
Microsoft Visual Studio Solution File, Format Version 12.00
# Visual Studio Version 17
VisualStudioVersion = 17.11.35208.52
MinimumVisualStudioVersion = 10.0.40219.1
Project("{9A19103F-16F7-4668-BE54-9A1E7A4F7556}") = "productmanagement", "productmanagement.csproj", "{ADCA69E1-E570-433F-8F2B-2CCF26C68F66}"
EndProject
Project("{9A19103F-16F7-4668-BE54-9A1E7A4F7556}") = "Product.Domain", "Product.Domain\Product.Domain.csproj", "{19727FA9-CA7A-471E-A99E-7905A44BEAFA}"
EndProject
Project("{9A19103F-16F7-4668-BE54-9A1E7A4F7556}") = "Product.Infrastructure", "Product.Infrastructure\Product.Infrastructure.csproj", "{81D28885-E4E6-42EF-9F6B-33F75099F0BE}"
EndProject
Global
	GlobalSection(SolutionConfigurationPlatforms) = preSolution
		Debug|Any CPU = Debug|Any CPU
		Release|Any CPU = Release|Any CPU
	EndGlobalSection
	GlobalSection(ProjectConfigurationPlatforms) = postSolution
		{ADCA69E1-E570-433F-8F2B-2CCF26C68F66}.Debug|Any CPU.ActiveCfg = Debug|Any CPU
		{ADCA69E1-E570-433F-8F2B-2CCF26C68F66}.Debug|Any CPU.Build.0 = Debug|Any CPU
		{ADCA69E1-E570-433F-8F2B-2CCF26C68F66}.Release|Any CPU.ActiveCfg = Release|Any CPU
		{ADCA69E1-E570-433F-8F2B-2CCF26C68F66}.Release|Any CPU.Build.0 = Release|Any CPU
		{19727FA9-CA7A-471E-A99E-7905A44BEAFA}.Debug|Any CPU.ActiveCfg = Debug|Any CPU
		{19727FA9-CA7A-471E-A99E-7905A44BEAFA}.Debug|Any CPU.Build.0 = Debug|Any CPU
		{19727FA9-CA7A-471E-A99E-7905A44BEAFA}.Release|Any CPU.ActiveCfg = Release|Any CPU
		{19727FA9-CA7A-471E-A99E-7905A44BEAFA}.Release|Any CPU.Build.0 = Release|Any CPU
		{81D28885-E4E6-42EF-9F6B-33F75099F0BE}.Debug|Any CPU.ActiveCfg = Debug|Any CPU
		{81D28885-E4E6-42EF-9F6B-33F75099F0BE}.Debug|Any CPU.Build.0 = Debug|Any CPU
		{81D28885-E4E6-42EF-9F6B-33F75099F0BE}.Release|Any CPU.ActiveCfg = Release|Any CPU
		{81D28885-E4E6-42EF-9F6B-33F75099F0BE}.Release|Any CPU.Build.0 = Release|Any CPU
	EndGlobalSection
	GlobalSection(SolutionProperties) = preSolution
		HideSolutionNode = FALSE
	EndGlobalSection
	GlobalSection(ExtensibilityGlobals) = postSolution
		SolutionGuid = {3C1CC393-30C3-4A45-81B8-495097FC3683}
	EndGlobalSection
EndGlobal
